{
  "version": 4,
  "terraform_version": "1.3.9",
  "serial": 5,
  "lineage": "c359fa10-73cf-8dde-abaf-67ab69c96cf1",
  "outputs": {},
  "resources": [
    {
      "mode": "managed",
      "type": "proxmox_vm_qemu",
      "name": "ubuntu_cloud_vm",
      "provider": "provider[\"registry.terraform.io/telmate/proxmox\"]",
      "instances": [
        {
          "status": "tainted",
          "schema_version": 0,
          "attributes": {
            "additional_wait": 10,
            "agent": 1,
            "args": null,
            "automatic_reboot": true,
            "balloon": 0,
            "bios": "seabios",
            "boot": null,
            "bootdisk": null,
            "bridge": null,
            "ci_wait": null,
            "cicustom": null,
            "cipassword": null,
            "ciuser": "serveradmin",
            "clone": "ubuntu-cloud",
            "clone_wait": 10,
            "cloudinit_cdrom_storage": null,
            "cores": 1,
            "cpu": "host",
            "default_ipv4_address": null,
            "define_connection_info": true,
            "desc": "ubuntu-cloudinit-vm",
            "disk": [
              {
                "aio": "",
                "backup": true,
                "cache": "none",
                "discard": "",
                "file": "",
                "format": "",
                "iops": 0,
                "iops_max": 0,
                "iops_max_length": 0,
                "iops_rd": 0,
                "iops_rd_max": 0,
                "iops_rd_max_length": 0,
                "iops_wr": 0,
                "iops_wr_max": 0,
                "iops_wr_max_length": 0,
                "iothread": 0,
                "mbps": 0,
                "mbps_rd": 0,
                "mbps_rd_max": 0,
                "mbps_wr": 0,
                "mbps_wr_max": 0,
                "media": "",
                "replicate": 0,
                "size": "2252M",
                "slot": 0,
                "ssd": 0,
                "storage": "local-lvm",
                "storage_type": "",
                "type": "virtio",
                "volume": ""
              }
            ],
            "disk_gb": null,
            "force_create": false,
            "force_recreate_on_change_of": null,
            "full_clone": true,
            "guest_agent_ready_timeout": 100,
            "hagroup": null,
            "hastate": null,
            "hostpci": [],
            "hotplug": "network,disk,usb",
            "id": "PVE-DESKTOP/qemu/9999",
            "ipconfig0": "ip=192.168.110.17/24,gw=192.168.110.5",
            "ipconfig1": null,
            "ipconfig10": null,
            "ipconfig11": null,
            "ipconfig12": null,
            "ipconfig13": null,
            "ipconfig14": null,
            "ipconfig15": null,
            "ipconfig2": null,
            "ipconfig3": null,
            "ipconfig4": null,
            "ipconfig5": null,
            "ipconfig6": null,
            "ipconfig7": null,
            "ipconfig8": null,
            "ipconfig9": null,
            "iso": null,
            "kvm": true,
            "mac": null,
            "memory": 2048,
            "name": "ubuntu-cloud-vm",
            "nameserver": "192.168.10.1",
            "network": [
              {
                "bridge": "vmbr0",
                "firewall": false,
                "link_down": false,
                "macaddr": "",
                "model": "virtio",
                "mtu": 0,
                "queues": 0,
                "rate": 0,
                "tag": -1
              }
            ],
            "nic": null,
            "numa": null,
            "onboot": false,
            "oncreate": true,
            "os_network_config": null,
            "os_type": "cloud-init",
            "pool": null,
            "preprovision": true,
            "pxe": null,
            "qemu_os": null,
            "reboot_required": null,
            "scsihw": "lsi",
            "searchdomain": null,
            "serial": [],
            "sockets": 1,
            "ssh_forward_ip": null,
            "ssh_host": null,
            "ssh_port": null,
            "ssh_private_key": null,
            "ssh_user": "root",
            "sshkeys": "  ssh-rsa AAAAB3NzaC1yc2EAAAADAQABAAABAQDszRLxQ1Dy/pkWxRPUI8DEQTJPSWUWV49H6Bz3omzuzSZYmLJQNRD2WxpweMDWSizP8eDi0KVtLD7veJfi/TCmI3a30lL7VUOQMidaw71zzp4XawHh0htEUr8P3ztZFxHwZI+det+sQNybC4SLsslvDILpphokRDldsXI4pX0tmPmlGp/NsScUJpIbzpJqftzMp2lC5BObEBwM1kgYrfMavVFoaE8nh3qHQcYZISGiF7NoIoL6SRSLqRn5BoDs9EtueACjOlr6v4pbJd7MnVn8Mh/89w4lgae41TbxLjr1B2ykAduTTn7+vzVCY0UguN42N3EmwQg0gHKc7wD3ArsT root@ubuntu-cloud-vm\r\n",
            "startup": null,
            "storage": null,
            "storage_type": null,
            "tablet": true,
            "tags": null,
            "target_node": "PVE-DESKTOP",
            "timeouts": null,
            "unused_disk": null,
            "usb": [],
            "vcpus": 0,
            "vga": [],
            "vlan": -1,
            "vmid": 9999
          },
          "sensitive_attributes": [],
          "private": "eyJlMmJmYjczMC1lY2FhLTExZTYtOGY4OC0zNDM2M2JjN2M0YzAiOnsiY3JlYXRlIjoxMjAwMDAwMDAwMDAwLCJkZWZhdWx0IjoxMjAwMDAwMDAwMDAwLCJkZWxldGUiOjEyMDAwMDAwMDAwMDAsInJlYWQiOjEyMDAwMDAwMDAwMDAsInVwZGF0ZSI6MTIwMDAwMDAwMDAwMH19"
        }
      ]
    }
  ],
  "check_results": null
}
